PATH
  remote: .
  specs:
    boxcars (0.4.0)
      anthropic (~> 0.1)
      google_search_results (~> 2.2)
      gpt4all (~> 0.0.4)
      hnswlib (~> 0.8)
      nokogiri (~> 1.15)
      pgvector (~> 0.2)
      ruby-openai (~> 4.2)

GEM
  remote: https://rubygems.org/
  specs:
    activemodel (7.0.6)
      activesupport (= 7.0.6)
    activerecord (7.0.6)
      activemodel (= 7.0.6)
      activesupport (= 7.0.6)
    activesupport (7.0.6)
      concurrent-ruby (~> 1.0, >= 1.0.2)
      i18n (>= 1.6, < 2)
      minitest (>= 5.1)
      tzinfo (~> 2.0)
    addressable (2.8.4)
      public_suffix (>= 2.0.2, < 6.0)
    anthropic (0.1.0)
      faraday (>= 1)
      faraday-multipart (>= 1)
    ast (2.4.2)
    async (2.6.2)
      console (~> 1.10)
      fiber-annotation
      io-event (~> 1.1)
      timers (~> 4.1)
    async-http (0.60.2)
      async (>= 1.25)
      async-io (>= 1.28)
      async-pool (>= 0.2)
      protocol-http (~> 0.24.0)
      protocol-http1 (~> 0.15.0)
      protocol-http2 (~> 0.15.0)
      traces (>= 0.10.0)
    async-http-faraday (0.12.0)
      async-http (~> 0.42)
      faraday
    async-io (1.35.0)
      async
    async-pool (0.4.0)
      async (>= 1.25)
    concurrent-ruby (1.2.2)
    console (1.17.4)
      fiber-annotation
      fiber-local
    crack (0.4.5)
      rexml
    debug (1.8.0)
      irb (>= 1.5.0)
      reline (>= 0.3.1)
    diff-lcs (1.5.0)
    domain_name (0.5.20190701)
      unf (>= 0.0.5, < 1.0.0)
    dotenv (2.8.1)
    faraday (2.7.10)
      faraday-net_http (>= 2.0, < 3.1)
      ruby2_keywords (>= 0.0.4)
    faraday-http-cache (2.5.0)
      faraday (>= 0.8)
    faraday-multipart (1.0.4)
      multipart-post (~> 2)
    faraday-net_http (3.0.2)
    faraday-retry (2.2.0)
      faraday (~> 2.0)
    fiber-annotation (0.2.0)
    fiber-local (1.0.0)
    github_changelog_generator (1.16.4)
      activesupport
      async (>= 1.25.0)
      async-http-faraday
      faraday-http-cache
      multi_json
      octokit (~> 4.6)
      rainbow (>= 2.2.1)
      rake (>= 10.0)
    google_search_results (2.2.0)
    gpt4all (0.0.5)
      faraday (~> 2.7)
      os (~> 1.1)
      tty-progressbar (~> 0.18.2)
    hashdiff (1.0.1)
    hnswlib (0.8.1)
    http-accept (1.7.0)
    http-cookie (1.0.5)
      domain_name (~> 0.5)
    i18n (1.14.1)
      concurrent-ruby (~> 1.0)
    io-console (0.6.0)
    io-console (0.6.0-java)
    io-event (1.2.2)
    irb (1.7.4)
      reline (>= 0.3.6)
    json (2.6.3)
    json (2.6.3-java)
    language_server-protocol (3.17.0.3)
    mime-types (3.4.1)
      mime-types-data (~> 3.2015)
    mime-types-data (3.2023.0218.1)
    mini_portile2 (2.8.4)
    minitest (5.18.1)
    multi_json (1.15.0)
    multipart-post (2.3.0)
    netrc (0.11.0)
    nokogiri (1.15.3-arm64-darwin)
      racc (~> 1.4)
    nokogiri (1.15.3-java)
      racc (~> 1.4)
    nokogiri (1.15.3-x86_64-darwin)
      racc (~> 1.4)
    nokogiri (1.15.3-x86_64-linux)
      racc (~> 1.4)
    octokit (4.25.1)
      faraday (>= 1, < 3)
      sawyer (~> 0.9)
    os (1.1.4)
    parallel (1.23.0)
    parser (3.2.2.3)
      ast (~> 2.4.1)
      racc
    pg (1.5.3)
    pgvector (0.2.1)
    protocol-hpack (1.4.2)
    protocol-http (0.24.4)
    protocol-http1 (0.15.0)
      protocol-http (~> 0.22)
    protocol-http2 (0.15.1)
      protocol-hpack (~> 1.4)
      protocol-http (~> 0.18)
    public_suffix (5.0.3)
    racc (1.7.1)
    racc (1.7.1-java)
    rainbow (3.1.1)
    rake (13.0.6)
    regexp_parser (2.8.1)
    reline (0.3.6)
      io-console (~> 0.5)
    rest-client (2.1.0)
      http-accept (>= 1.7.0, < 2.0)
      http-cookie (>= 1.0.2, < 2.0)
      mime-types (>= 1.16, < 4.0)
      netrc (~> 0.8)
    rexml (3.2.5)
    rspec (3.12.0)
      rspec-core (~> 3.12.0)
      rspec-expectations (~> 3.12.0)
      rspec-mocks (~> 3.12.0)
    rspec-core (3.12.2)
      rspec-support (~> 3.12.0)
    rspec-expectations (3.12.3)
      diff-lcs (>= 1.2.0, < 2.0)
      rspec-support (~> 3.12.0)
    rspec-mocks (3.12.6)
      diff-lcs (>= 1.2.0, < 2.0)
      rspec-support (~> 3.12.0)
    rspec-support (3.12.1)
    rubocop (1.54.2)
      json (~> 2.3)
      language_server-protocol (>= 3.17.0)
      parallel (~> 1.10)
      parser (>= 3.2.2.3)
      rainbow (>= 2.2.2, < 4.0)
      regexp_parser (>= 1.8, < 3.0)
      rexml (>= 3.2.5, < 4.0)
      rubocop-ast (>= 1.28.0, < 2.0)
      ruby-progressbar (~> 1.7)
      unicode-display_width (>= 2.4.0, < 3.0)
    rubocop-ast (1.29.0)
      parser (>= 3.2.1.0)
    rubocop-capybara (2.18.0)
      rubocop (~> 1.41)
    rubocop-factory_bot (2.23.1)
      rubocop (~> 1.33)
    rubocop-rake (0.6.0)
      rubocop (~> 1.0)
    rubocop-rspec (2.22.0)
      rubocop (~> 1.33)
      rubocop-capybara (~> 2.17)
      rubocop-factory_bot (~> 2.22)
    ruby-openai (4.2.0)
      faraday (>= 1)
      faraday-multipart (>= 1)
    ruby-progressbar (1.13.0)
    ruby2_keywords (0.0.5)
    sawyer (0.9.2)
      addressable (>= 2.3.5)
      faraday (>= 0.17.3, < 3)
    sqlite3 (1.6.3)
      mini_portile2 (~> 2.8.0)
    sqlite3 (1.6.3-arm64-darwin)
    sqlite3 (1.6.3-x86_64-darwin)
    sqlite3 (1.6.3-x86_64-linux)
    strings-ansi (0.2.0)
    timers (4.3.5)
    traces (0.11.1)
    tty-cursor (0.7.1)
    tty-progressbar (0.18.2)
      strings-ansi (~> 0.2)
      tty-cursor (~> 0.7)
      tty-screen (~> 0.8)
      unicode-display_width (>= 1.6, < 3.0)
    tty-screen (0.8.1)
    tzinfo (2.0.6)
      concurrent-ruby (~> 1.0)
    unf (0.1.4)
      unf_ext
    unf (0.1.4-java)
    unf_ext (0.0.8.2)
    unicode-display_width (2.4.2)
    vcr (6.1.0)
    webmock (3.18.1)
      addressable (>= 2.8.0)
      crack (>= 0.3.2)
      hashdiff (>= 0.4.0, < 2.0.0)

PLATFORMS
  arm64-darwin-22
  universal-java-11
  x86_64-darwin-21
  x86_64-darwin-22
  x86_64-linux

DEPENDENCIES
  activerecord (~> 7.0)
  activesupport (~> 7.0)
  boxcars!
  debug (~> 1.1)
  dotenv (~> 2.8)
  faraday-retry (~> 2.0)
  github_changelog_generator (~> 1.16)
  hnswlib (~> 0.8.1)
  pg (~> 1.5, >= 1.5.3)
  pgvector (~> 0.2.0)
  rake (~> 13.0)
  rest-client (~> 2.1)
  rspec (~> 3.2)
  rubocop (~> 1.21)
  rubocop-rake (~> 0.6.0)
  rubocop-rspec (~> 2.17)
  sqlite3 (~> 1.6)
  vcr (~> 6.1.0)
  webmock (~> 3.18.1)

BUNDLED WITH
   2.4.7
